
Microsoft Visual Studio Solution File, Format Version 12.00
# Visual Studio Version 17
VisualStudioVersion = 17.11.35327.3
MinimumVisualStudioVersion = 10.0.40219.1
Project("{FAE04EC0-301F-11D3-BF4B-00C04F79EFBC}") = "WortmannNoteWebApi", "WortmannNoteWebApi\WortmannNoteWebApi.csproj", "{D6B8054D-DC35-4AB4-A903-C4B6F5D9F3B8}"
EndProject
Project("{9A19103F-16F7-4668-BE54-9A1E7A4F7556}") = "WortmannWebUi", "WortmannWebUi\WortmannWebUi.csproj", "{75CF65BF-F021-4C57-920A-298F75776016}"
EndProject
Global
	GlobalSection(SolutionConfigurationPlatforms) = preSolution
		Debug|Any CPU = Debug|Any CPU
		Release|Any CPU = Release|Any CPU
	EndGlobalSection
	GlobalSection(ProjectConfigurationPlatforms) = postSolution
		{D6B8054D-DC35-4AB4-A903-C4B6F5D9F3B8}.Debug|Any CPU.ActiveCfg = Debug|Any CPU
		{D6B8054D-DC35-4AB4-A903-C4B6F5D9F3B8}.Debug|Any CPU.Build.0 = Debug|Any CPU
		{D6B8054D-DC35-4AB4-A903-C4B6F5D9F3B8}.Release|Any CPU.ActiveCfg = Release|Any CPU
		{D6B8054D-DC35-4AB4-A903-C4B6F5D9F3B8}.Release|Any CPU.Build.0 = Release|Any CPU
		{75CF65BF-F021-4C57-920A-298F75776016}.Debug|Any CPU.ActiveCfg = Debug|Any CPU
		{75CF65BF-F021-4C57-920A-298F75776016}.Debug|Any CPU.Build.0 = Debug|Any CPU
		{75CF65BF-F021-4C57-920A-298F75776016}.Release|Any CPU.ActiveCfg = Release|Any CPU
		{75CF65BF-F021-4C57-920A-298F75776016}.Release|Any CPU.Build.0 = Release|Any CPU
	EndGlobalSection
	GlobalSection(SolutionProperties) = preSolution
		HideSolutionNode = FALSE
	EndGlobalSection
	GlobalSection(ExtensibilityGlobals) = postSolution
		SolutionGuid = {1FCF5C21-83D7-4D00-833E-64D52317A177}
	EndGlobalSection
EndGlobal
