
Microsoft Visual Studio Solution File, Format Version 12.00
# Visual Studio Version 17
VisualStudioVersion = 17.11.35327.3
MinimumVisualStudioVersion = 10.0.40219.1
Project("{FAE04EC0-301F-11D3-BF4B-00C04F79EFBC}") = "BMI Funktional", "BMI Funktional\BMI Funktional.csproj", "{FC7E6930-74DE-4768-9006-E7F99921572D}"
EndProject
Global
	GlobalSection(SolutionConfigurationPlatforms) = preSolution
		Debug|Any CPU = Debug|Any CPU
		Release|Any CPU = Release|Any CPU
	EndGlobalSection
	GlobalSection(ProjectConfigurationPlatforms) = postSolution
		{FC7E6930-74DE-4768-9006-E7F99921572D}.Debug|Any CPU.ActiveCfg = Debug|Any CPU
		{FC7E6930-74DE-4768-9006-E7F99921572D}.Debug|Any CPU.Build.0 = Debug|Any CPU
		{FC7E6930-74DE-4768-9006-E7F99921572D}.Release|Any CPU.ActiveCfg = Release|Any CPU
		{FC7E6930-74DE-4768-9006-E7F99921572D}.Release|Any CPU.Build.0 = Release|Any CPU
	EndGlobalSection
	GlobalSection(SolutionProperties) = preSolution
		HideSolutionNode = FALSE
	EndGlobalSection
	GlobalSection(ExtensibilityGlobals) = postSolution
		SolutionGuid = {D50424AB-591D-4516-8C46-0F0A69387CE3}
	EndGlobalSection
EndGlobal
