
Microsoft Visual Studio Solution File, Format Version 12.00
# Visual Studio Version 17
VisualStudioVersion = 17.11.35327.3
MinimumVisualStudioVersion = 10.0.40219.1
Project("{9A19103F-16F7-4668-BE54-9A1E7A4F7556}") = "Hangman-Console", "Hangman-Console\Hangman-Console.csproj", "{822ABF1D-0720-428D-A716-7229B33AA685}"
EndProject
Project("{9A19103F-16F7-4668-BE54-9A1E7A4F7556}") = "Hangman-Forms", "Hangman-Forms\Hangman-Forms.csproj", "{F87252DE-38FE-49EC-A22B-950E7072B6A5}"
EndProject
Project("{FAE04EC0-301F-11D3-BF4B-00C04F79EFBC}") = "HangmanWeb", "HangmanWeb\HangmanWeb.csproj", "{80D50931-DA92-488B-965C-C37347FC25D2}"
EndProject
Global
	GlobalSection(SolutionConfigurationPlatforms) = preSolution
		Debug|Any CPU = Debug|Any CPU
		Release|Any CPU = Release|Any CPU
	EndGlobalSection
	GlobalSection(ProjectConfigurationPlatforms) = postSolution
		{822ABF1D-0720-428D-A716-7229B33AA685}.Debug|Any CPU.ActiveCfg = Debug|Any CPU
		{822ABF1D-0720-428D-A716-7229B33AA685}.Debug|Any CPU.Build.0 = Debug|Any CPU
		{822ABF1D-0720-428D-A716-7229B33AA685}.Release|Any CPU.ActiveCfg = Release|Any CPU
		{822ABF1D-0720-428D-A716-7229B33AA685}.Release|Any CPU.Build.0 = Release|Any CPU
		{F87252DE-38FE-49EC-A22B-950E7072B6A5}.Debug|Any CPU.ActiveCfg = Debug|Any CPU
		{F87252DE-38FE-49EC-A22B-950E7072B6A5}.Debug|Any CPU.Build.0 = Debug|Any CPU
		{F87252DE-38FE-49EC-A22B-950E7072B6A5}.Release|Any CPU.ActiveCfg = Release|Any CPU
		{F87252DE-38FE-49EC-A22B-950E7072B6A5}.Release|Any CPU.Build.0 = Release|Any CPU
		{80D50931-DA92-488B-965C-C37347FC25D2}.Debug|Any CPU.ActiveCfg = Debug|Any CPU
		{80D50931-DA92-488B-965C-C37347FC25D2}.Debug|Any CPU.Build.0 = Debug|Any CPU
		{80D50931-DA92-488B-965C-C37347FC25D2}.Release|Any CPU.ActiveCfg = Release|Any CPU
		{80D50931-DA92-488B-965C-C37347FC25D2}.Release|Any CPU.Build.0 = Release|Any CPU
	EndGlobalSection
	GlobalSection(SolutionProperties) = preSolution
		HideSolutionNode = FALSE
	EndGlobalSection
	GlobalSection(ExtensibilityGlobals) = postSolution
		SolutionGuid = {3DAC797A-3D05-496B-80ED-FF724781E88C}
	EndGlobalSection
EndGlobal
