
Microsoft Visual Studio Solution File, Format Version 12.00
# Visual Studio Version 17
VisualStudioVersion = 17.11.35327.3
MinimumVisualStudioVersion = 10.0.40219.1
Project("{FAE04EC0-301F-11D3-BF4B-00C04F79EFBC}") = "Extension Methods - Erweiterunfsmethoden", "Extension Methods - Erweiterunfsmethoden\Extension Methods - Erweiterunfsmethoden.csproj", "{6D6E88B5-6E1B-4BC9-9B36-6392D66FC041}"
EndProject
Global
	GlobalSection(SolutionConfigurationPlatforms) = preSolution
		Debug|Any CPU = Debug|Any CPU
		Release|Any CPU = Release|Any CPU
	EndGlobalSection
	GlobalSection(ProjectConfigurationPlatforms) = postSolution
		{6D6E88B5-6E1B-4BC9-9B36-6392D66FC041}.Debug|Any CPU.ActiveCfg = Debug|Any CPU
		{6D6E88B5-6E1B-4BC9-9B36-6392D66FC041}.Debug|Any CPU.Build.0 = Debug|Any CPU
		{6D6E88B5-6E1B-4BC9-9B36-6392D66FC041}.Release|Any CPU.ActiveCfg = Release|Any CPU
		{6D6E88B5-6E1B-4BC9-9B36-6392D66FC041}.Release|Any CPU.Build.0 = Release|Any CPU
	EndGlobalSection
	GlobalSection(SolutionProperties) = preSolution
		HideSolutionNode = FALSE
	EndGlobalSection
	GlobalSection(ExtensibilityGlobals) = postSolution
		SolutionGuid = {31634CC9-EC00-498D-827B-0A3D0BEE304F}
	EndGlobalSection
EndGlobal
