
Microsoft Visual Studio Solution File, Format Version 12.00
# Visual Studio Version 17
VisualStudioVersion = 17.11.35327.3
MinimumVisualStudioVersion = 10.0.40219.1
Project("{FAE04EC0-301F-11D3-BF4B-00C04F79EFBC}") = "Simple Form App", "Simple Form App\Simple Form App.csproj", "{6EFC4156-7DB3-4BF0-980D-E2CE465BEB8A}"
EndProject
Global
	GlobalSection(SolutionConfigurationPlatforms) = preSolution
		Debug|Any CPU = Debug|Any CPU
		Release|Any CPU = Release|Any CPU
	EndGlobalSection
	GlobalSection(ProjectConfigurationPlatforms) = postSolution
		{6EFC4156-7DB3-4BF0-980D-E2CE465BEB8A}.Debug|Any CPU.ActiveCfg = Debug|Any CPU
		{6EFC4156-7DB3-4BF0-980D-E2CE465BEB8A}.Debug|Any CPU.Build.0 = Debug|Any CPU
		{6EFC4156-7DB3-4BF0-980D-E2CE465BEB8A}.Release|Any CPU.ActiveCfg = Release|Any CPU
		{6EFC4156-7DB3-4BF0-980D-E2CE465BEB8A}.Release|Any CPU.Build.0 = Release|Any CPU
	EndGlobalSection
	GlobalSection(SolutionProperties) = preSolution
		HideSolutionNode = FALSE
	EndGlobalSection
	GlobalSection(ExtensibilityGlobals) = postSolution
		SolutionGuid = {7F393A91-A5BF-417A-9234-0DEA26308EFB}
	EndGlobalSection
EndGlobal
