
Microsoft Visual Studio Solution File, Format Version 12.00
# Visual Studio Version 17
VisualStudioVersion = 17.11.35327.3
MinimumVisualStudioVersion = 10.0.40219.1
Project("{FAE04EC0-301F-11D3-BF4B-00C04F79EFBC}") = "Bmi OOP", "Bmi OOP\Bmi OOP.csproj", "{3A59160D-13CD-481C-9811-035E68E62ECE}"
EndProject
Global
	GlobalSection(SolutionConfigurationPlatforms) = preSolution
		Debug|Any CPU = Debug|Any CPU
		Release|Any CPU = Release|Any CPU
	EndGlobalSection
	GlobalSection(ProjectConfigurationPlatforms) = postSolution
		{3A59160D-13CD-481C-9811-035E68E62ECE}.Debug|Any CPU.ActiveCfg = Debug|Any CPU
		{3A59160D-13CD-481C-9811-035E68E62ECE}.Debug|Any CPU.Build.0 = Debug|Any CPU
		{3A59160D-13CD-481C-9811-035E68E62ECE}.Release|Any CPU.ActiveCfg = Release|Any CPU
		{3A59160D-13CD-481C-9811-035E68E62ECE}.Release|Any CPU.Build.0 = Release|Any CPU
	EndGlobalSection
	GlobalSection(SolutionProperties) = preSolution
		HideSolutionNode = FALSE
	EndGlobalSection
	GlobalSection(ExtensibilityGlobals) = postSolution
		SolutionGuid = {63D93AF3-521D-4012-9704-68A8F04E6D7E}
	EndGlobalSection
EndGlobal
