
Microsoft Visual Studio Solution File, Format Version 12.00
# Visual Studio Version 17
VisualStudioVersion = 17.11.35327.3
MinimumVisualStudioVersion = 10.0.40219.1
Project("{FAE04EC0-301F-11D3-BF4B-00C04F79EFBC}") = "Hallo Welt", "Hallo Welt\Hallo Welt.csproj", "{800C5F7C-5D8C-4808-A6B8-52719131A1EE}"
EndProject
Global
	GlobalSection(SolutionConfigurationPlatforms) = preSolution
		Debug|Any CPU = Debug|Any CPU
		Release|Any CPU = Release|Any CPU
	EndGlobalSection
	GlobalSection(ProjectConfigurationPlatforms) = postSolution
		{800C5F7C-5D8C-4808-A6B8-52719131A1EE}.Debug|Any CPU.ActiveCfg = Debug|Any CPU
		{800C5F7C-5D8C-4808-A6B8-52719131A1EE}.Debug|Any CPU.Build.0 = Debug|Any CPU
		{800C5F7C-5D8C-4808-A6B8-52719131A1EE}.Release|Any CPU.ActiveCfg = Release|Any CPU
		{800C5F7C-5D8C-4808-A6B8-52719131A1EE}.Release|Any CPU.Build.0 = Release|Any CPU
	EndGlobalSection
	GlobalSection(SolutionProperties) = preSolution
		HideSolutionNode = FALSE
	EndGlobalSection
	GlobalSection(ExtensibilityGlobals) = postSolution
		SolutionGuid = {90328A84-E0CD-45F5-9A2D-79F1EFBB25F8}
	EndGlobalSection
EndGlobal
