
Microsoft Visual Studio Solution File, Format Version 12.00
# Visual Studio Version 17
VisualStudioVersion = 17.11.35327.3
MinimumVisualStudioVersion = 10.0.40219.1
Project("{9A19103F-16F7-4668-BE54-9A1E7A4F7556}") = "De.Wortmann.Banken.Interfaces", "De.Wortmann.Banken.Interfaces\De.Wortmann.Banken.Interfaces.csproj", "{3FA1F3C2-4738-4EED-ADA0-CAF791F0684A}"
EndProject
Project("{9A19103F-16F7-4668-BE54-9A1E7A4F7556}") = "BankensucheTests", "BankensucheTests\BankensucheTests.csproj", "{36F04675-3ACB-4933-BE90-A8AB935E1C5F}"
EndProject
Project("{9A19103F-16F7-4668-BE54-9A1E7A4F7556}") = "De.Wortmann.Bank.Implementation", "De.Wortmann.Bank.Implementation\De.Wortmann.Bank.Implementation.csproj", "{6044B10A-AEC5-4C43-8EF4-D6D62903507D}"
EndProject
Project("{9A19103F-16F7-4668-BE54-9A1E7A4F7556}") = "BankenSuche Forms", "BankenSuche Forms\BankenSuche Forms.csproj", "{13CFC833-4C26-46DA-BF17-E9AB64D8EA19}"
EndProject
Project("{9A19103F-16F7-4668-BE54-9A1E7A4F7556}") = "BankStatistik Console", "BankStatistik Console\BankStatistik Console.csproj", "{A5729236-310B-4FF8-9994-6FC6CAB680B4}"
EndProject
Global
	GlobalSection(SolutionConfigurationPlatforms) = preSolution
		Debug|Any CPU = Debug|Any CPU
		Release|Any CPU = Release|Any CPU
	EndGlobalSection
	GlobalSection(ProjectConfigurationPlatforms) = postSolution
		{3FA1F3C2-4738-4EED-ADA0-CAF791F0684A}.Debug|Any CPU.ActiveCfg = Debug|Any CPU
		{3FA1F3C2-4738-4EED-ADA0-CAF791F0684A}.Debug|Any CPU.Build.0 = Debug|Any CPU
		{3FA1F3C2-4738-4EED-ADA0-CAF791F0684A}.Release|Any CPU.ActiveCfg = Release|Any CPU
		{3FA1F3C2-4738-4EED-ADA0-CAF791F0684A}.Release|Any CPU.Build.0 = Release|Any CPU
		{36F04675-3ACB-4933-BE90-A8AB935E1C5F}.Debug|Any CPU.ActiveCfg = Debug|Any CPU
		{36F04675-3ACB-4933-BE90-A8AB935E1C5F}.Debug|Any CPU.Build.0 = Debug|Any CPU
		{36F04675-3ACB-4933-BE90-A8AB935E1C5F}.Release|Any CPU.ActiveCfg = Release|Any CPU
		{36F04675-3ACB-4933-BE90-A8AB935E1C5F}.Release|Any CPU.Build.0 = Release|Any CPU
		{6044B10A-AEC5-4C43-8EF4-D6D62903507D}.Debug|Any CPU.ActiveCfg = Debug|Any CPU
		{6044B10A-AEC5-4C43-8EF4-D6D62903507D}.Debug|Any CPU.Build.0 = Debug|Any CPU
		{6044B10A-AEC5-4C43-8EF4-D6D62903507D}.Release|Any CPU.ActiveCfg = Release|Any CPU
		{6044B10A-AEC5-4C43-8EF4-D6D62903507D}.Release|Any CPU.Build.0 = Release|Any CPU
		{13CFC833-4C26-46DA-BF17-E9AB64D8EA19}.Debug|Any CPU.ActiveCfg = Debug|Any CPU
		{13CFC833-4C26-46DA-BF17-E9AB64D8EA19}.Debug|Any CPU.Build.0 = Debug|Any CPU
		{13CFC833-4C26-46DA-BF17-E9AB64D8EA19}.Release|Any CPU.ActiveCfg = Release|Any CPU
		{13CFC833-4C26-46DA-BF17-E9AB64D8EA19}.Release|Any CPU.Build.0 = Release|Any CPU
		{A5729236-310B-4FF8-9994-6FC6CAB680B4}.Debug|Any CPU.ActiveCfg = Debug|Any CPU
		{A5729236-310B-4FF8-9994-6FC6CAB680B4}.Debug|Any CPU.Build.0 = Debug|Any CPU
		{A5729236-310B-4FF8-9994-6FC6CAB680B4}.Release|Any CPU.ActiveCfg = Release|Any CPU
		{A5729236-310B-4FF8-9994-6FC6CAB680B4}.Release|Any CPU.Build.0 = Release|Any CPU
	EndGlobalSection
	GlobalSection(SolutionProperties) = preSolution
		HideSolutionNode = FALSE
	EndGlobalSection
	GlobalSection(ExtensibilityGlobals) = postSolution
		SolutionGuid = {0ED8E77B-D7BE-4EB4-84CA-0BEEB6B61F1A}
	EndGlobalSection
EndGlobal
