
Microsoft Visual Studio Solution File, Format Version 12.00
# Visual Studio Version 17
VisualStudioVersion = 17.11.35327.3
MinimumVisualStudioVersion = 10.0.40219.1
Project("{9A19103F-16F7-4668-BE54-9A1E7A4F7556}") = "01 - Datentypen und Variablen", "01 - Datentypen und Variablen\01 - Datentypen und Variablen.csproj", "{EABE5BB4-A381-4B99-B785-6CC467E0104F}"
EndProject
Project("{9A19103F-16F7-4668-BE54-9A1E7A4F7556}") = "02 - Operatoren", "02 - Operatoren\02 - Operatoren.csproj", "{17B9FD26-66D0-4AF1-BEF3-53C72837AD40}"
EndProject
Project("{9A19103F-16F7-4668-BE54-9A1E7A4F7556}") = "03 - Kontrollstrukturen", "03 - Kontrollstrukturen\03 - Kontrollstrukturen.csproj", "{475A9E06-3803-4634-8EC7-5C6FF020AE29}"
EndProject
Project("{9A19103F-16F7-4668-BE54-9A1E7A4F7556}") = "04 - Funktionen", "04 - Funktionen\04 - Funktionen.csproj", "{9587DA0C-4B25-4C88-BBED-6AB271DD56E0}"
EndProject
Project("{9A19103F-16F7-4668-BE54-9A1E7A4F7556}") = "05 - Array FELD", "05 - Array FELD\05 - Array FELD.csproj", "{499C6D50-6B06-48BB-BDCF-D0D5E224319D}"
EndProject
Project("{9A19103F-16F7-4668-BE54-9A1E7A4F7556}") = "06 - Listen", "06 - Listen\06 - Listen.csproj", "{CDBB8C70-A8A5-4F72-AB9E-DB3A4ACA4713}"
EndProject
Project("{9A19103F-16F7-4668-BE54-9A1E7A4F7556}") = "09a - Klassen", "09a - Klassen\09a - Klassen.csproj", "{F94B81C1-44F7-4C63-A354-5EB6F1253398}"
EndProject
Project("{FAE04EC0-301F-11D3-BF4B-00C04F79EFBC}") = "09b - Interfaces", "09b - Interfaces\09b - Interfaces.csproj", "{B76EEB4A-8891-456C-A87C-0C51E8DCE8EE}"
EndProject
Global
	GlobalSection(SolutionConfigurationPlatforms) = preSolution
		Debug|Any CPU = Debug|Any CPU
		Release|Any CPU = Release|Any CPU
	EndGlobalSection
	GlobalSection(ProjectConfigurationPlatforms) = postSolution
		{EABE5BB4-A381-4B99-B785-6CC467E0104F}.Debug|Any CPU.ActiveCfg = Debug|Any CPU
		{EABE5BB4-A381-4B99-B785-6CC467E0104F}.Debug|Any CPU.Build.0 = Debug|Any CPU
		{EABE5BB4-A381-4B99-B785-6CC467E0104F}.Release|Any CPU.ActiveCfg = Release|Any CPU
		{EABE5BB4-A381-4B99-B785-6CC467E0104F}.Release|Any CPU.Build.0 = Release|Any CPU
		{17B9FD26-66D0-4AF1-BEF3-53C72837AD40}.Debug|Any CPU.ActiveCfg = Debug|Any CPU
		{17B9FD26-66D0-4AF1-BEF3-53C72837AD40}.Debug|Any CPU.Build.0 = Debug|Any CPU
		{17B9FD26-66D0-4AF1-BEF3-53C72837AD40}.Release|Any CPU.ActiveCfg = Release|Any CPU
		{17B9FD26-66D0-4AF1-BEF3-53C72837AD40}.Release|Any CPU.Build.0 = Release|Any CPU
		{475A9E06-3803-4634-8EC7-5C6FF020AE29}.Debug|Any CPU.ActiveCfg = Debug|Any CPU
		{475A9E06-3803-4634-8EC7-5C6FF020AE29}.Debug|Any CPU.Build.0 = Debug|Any CPU
		{475A9E06-3803-4634-8EC7-5C6FF020AE29}.Release|Any CPU.ActiveCfg = Release|Any CPU
		{475A9E06-3803-4634-8EC7-5C6FF020AE29}.Release|Any CPU.Build.0 = Release|Any CPU
		{9587DA0C-4B25-4C88-BBED-6AB271DD56E0}.Debug|Any CPU.ActiveCfg = Debug|Any CPU
		{9587DA0C-4B25-4C88-BBED-6AB271DD56E0}.Debug|Any CPU.Build.0 = Debug|Any CPU
		{9587DA0C-4B25-4C88-BBED-6AB271DD56E0}.Release|Any CPU.ActiveCfg = Release|Any CPU
		{9587DA0C-4B25-4C88-BBED-6AB271DD56E0}.Release|Any CPU.Build.0 = Release|Any CPU
		{499C6D50-6B06-48BB-BDCF-D0D5E224319D}.Debug|Any CPU.ActiveCfg = Debug|Any CPU
		{499C6D50-6B06-48BB-BDCF-D0D5E224319D}.Debug|Any CPU.Build.0 = Debug|Any CPU
		{499C6D50-6B06-48BB-BDCF-D0D5E224319D}.Release|Any CPU.ActiveCfg = Release|Any CPU
		{499C6D50-6B06-48BB-BDCF-D0D5E224319D}.Release|Any CPU.Build.0 = Release|Any CPU
		{CDBB8C70-A8A5-4F72-AB9E-DB3A4ACA4713}.Debug|Any CPU.ActiveCfg = Debug|Any CPU
		{CDBB8C70-A8A5-4F72-AB9E-DB3A4ACA4713}.Debug|Any CPU.Build.0 = Debug|Any CPU
		{CDBB8C70-A8A5-4F72-AB9E-DB3A4ACA4713}.Release|Any CPU.ActiveCfg = Release|Any CPU
		{CDBB8C70-A8A5-4F72-AB9E-DB3A4ACA4713}.Release|Any CPU.Build.0 = Release|Any CPU
		{F94B81C1-44F7-4C63-A354-5EB6F1253398}.Debug|Any CPU.ActiveCfg = Debug|Any CPU
		{F94B81C1-44F7-4C63-A354-5EB6F1253398}.Debug|Any CPU.Build.0 = Debug|Any CPU
		{F94B81C1-44F7-4C63-A354-5EB6F1253398}.Release|Any CPU.ActiveCfg = Release|Any CPU
		{F94B81C1-44F7-4C63-A354-5EB6F1253398}.Release|Any CPU.Build.0 = Release|Any CPU
		{B76EEB4A-8891-456C-A87C-0C51E8DCE8EE}.Debug|Any CPU.ActiveCfg = Debug|Any CPU
		{B76EEB4A-8891-456C-A87C-0C51E8DCE8EE}.Debug|Any CPU.Build.0 = Debug|Any CPU
		{B76EEB4A-8891-456C-A87C-0C51E8DCE8EE}.Release|Any CPU.ActiveCfg = Release|Any CPU
		{B76EEB4A-8891-456C-A87C-0C51E8DCE8EE}.Release|Any CPU.Build.0 = Release|Any CPU
	EndGlobalSection
	GlobalSection(SolutionProperties) = preSolution
		HideSolutionNode = FALSE
	EndGlobalSection
	GlobalSection(ExtensibilityGlobals) = postSolution
		SolutionGuid = {D7D3AEE7-4C74-48FD-B2A4-65FE8CBB63F3}
	EndGlobalSection
EndGlobal
