
Microsoft Visual Studio Solution File, Format Version 12.00
# Visual Studio Version 17
VisualStudioVersion = 17.11.35327.3
MinimumVisualStudioVersion = 10.0.40219.1
Project("{FAE04EC0-301F-11D3-BF4B-00C04F79EFBC}") = "BlazorApp1", "BlazorApp1\BlazorApp1.csproj", "{BE93EC79-2FF9-4FB6-A93A-592E5C4333CC}"
EndProject
Global
	GlobalSection(SolutionConfigurationPlatforms) = preSolution
		Debug|Any CPU = Debug|Any CPU
		Release|Any CPU = Release|Any CPU
	EndGlobalSection
	GlobalSection(ProjectConfigurationPlatforms) = postSolution
		{BE93EC79-2FF9-4FB6-A93A-592E5C4333CC}.Debug|Any CPU.ActiveCfg = Debug|Any CPU
		{BE93EC79-2FF9-4FB6-A93A-592E5C4333CC}.Debug|Any CPU.Build.0 = Debug|Any CPU
		{BE93EC79-2FF9-4FB6-A93A-592E5C4333CC}.Release|Any CPU.ActiveCfg = Release|Any CPU
		{BE93EC79-2FF9-4FB6-A93A-592E5C4333CC}.Release|Any CPU.Build.0 = Release|Any CPU
	EndGlobalSection
	GlobalSection(SolutionProperties) = preSolution
		HideSolutionNode = FALSE
	EndGlobalSection
	GlobalSection(ExtensibilityGlobals) = postSolution
		SolutionGuid = {E67DA274-9281-433D-8388-D3FED659C15E}
	EndGlobalSection
EndGlobal
