
Microsoft Visual Studio Solution File, Format Version 12.00
# Visual Studio Version 17
VisualStudioVersion = 17.11.35327.3
MinimumVisualStudioVersion = 10.0.40219.1
Project("{FAE04EC0-301F-11D3-BF4B-00C04F79EFBC}") = "De.Wortmann.Tobias.Rechner", "De.Wortmann.Tobias.Rechner\De.Wortmann.Tobias.Rechner.csproj", "{0701A88C-9495-4263-BABB-E83669A42447}"
EndProject
Project("{FAE04EC0-301F-11D3-BF4B-00C04F79EFBC}") = "De.Wortmann.Tobias.RechnerTests1", "De.Wortmann.Tobias.RechnerTests1\De.Wortmann.Tobias.RechnerTests1.csproj", "{295EBBFE-C97B-4708-849F-451BEBD4ED37}"
EndProject
Global
	GlobalSection(SolutionConfigurationPlatforms) = preSolution
		Debug|Any CPU = Debug|Any CPU
		Release|Any CPU = Release|Any CPU
	EndGlobalSection
	GlobalSection(ProjectConfigurationPlatforms) = postSolution
		{0701A88C-9495-4263-BABB-E83669A42447}.Debug|Any CPU.ActiveCfg = Debug|Any CPU
		{0701A88C-9495-4263-BABB-E83669A42447}.Debug|Any CPU.Build.0 = Debug|Any CPU
		{0701A88C-9495-4263-BABB-E83669A42447}.Release|Any CPU.ActiveCfg = Release|Any CPU
		{0701A88C-9495-4263-BABB-E83669A42447}.Release|Any CPU.Build.0 = Release|Any CPU
		{295EBBFE-C97B-4708-849F-451BEBD4ED37}.Debug|Any CPU.ActiveCfg = Debug|Any CPU
		{295EBBFE-C97B-4708-849F-451BEBD4ED37}.Debug|Any CPU.Build.0 = Debug|Any CPU
		{295EBBFE-C97B-4708-849F-451BEBD4ED37}.Release|Any CPU.ActiveCfg = Release|Any CPU
		{295EBBFE-C97B-4708-849F-451BEBD4ED37}.Release|Any CPU.Build.0 = Release|Any CPU
	EndGlobalSection
	GlobalSection(SolutionProperties) = preSolution
		HideSolutionNode = FALSE
	EndGlobalSection
	GlobalSection(ExtensibilityGlobals) = postSolution
		SolutionGuid = {59A2771E-F268-4B73-B4E2-E179AA6A16E3}
	EndGlobalSection
EndGlobal
