
Microsoft Visual Studio Solution File, Format Version 12.00
# Visual Studio Version 17
VisualStudioVersion = 17.11.35327.3
MinimumVisualStudioVersion = 10.0.40219.1
Project("{FAE04EC0-301F-11D3-BF4B-00C04F79EFBC}") = "De.Tobias.WIE.Business", "De.Tobias.WIE.Business\De.Tobias.WIE.Business.csproj", "{4C4CB839-55A3-4483-853C-DEC5EC79D748}"
EndProject
Project("{FAE04EC0-301F-11D3-BF4B-00C04F79EFBC}") = "De.Tobias.WIE.BusinessTests", "De.Tobias.WIE.BusinessTests\De.Tobias.WIE.BusinessTests.csproj", "{66B12BCB-AABA-4960-A8BB-6CCEF7E996C8}"
EndProject
Project("{FAE04EC0-301F-11D3-BF4B-00C04F79EFBC}") = "Bildersucher-Forms", "Bildersucher-Forms\Bildersucher-Forms.csproj", "{EB88532C-7D9F-449A-8C18-8E674E57C906}"
EndProject
Global
	GlobalSection(SolutionConfigurationPlatforms) = preSolution
		Debug|Any CPU = Debug|Any CPU
		Release|Any CPU = Release|Any CPU
	EndGlobalSection
	GlobalSection(ProjectConfigurationPlatforms) = postSolution
		{4C4CB839-55A3-4483-853C-DEC5EC79D748}.Debug|Any CPU.ActiveCfg = Debug|Any CPU
		{4C4CB839-55A3-4483-853C-DEC5EC79D748}.Debug|Any CPU.Build.0 = Debug|Any CPU
		{4C4CB839-55A3-4483-853C-DEC5EC79D748}.Release|Any CPU.ActiveCfg = Release|Any CPU
		{4C4CB839-55A3-4483-853C-DEC5EC79D748}.Release|Any CPU.Build.0 = Release|Any CPU
		{66B12BCB-AABA-4960-A8BB-6CCEF7E996C8}.Debug|Any CPU.ActiveCfg = Debug|Any CPU
		{66B12BCB-AABA-4960-A8BB-6CCEF7E996C8}.Debug|Any CPU.Build.0 = Debug|Any CPU
		{66B12BCB-AABA-4960-A8BB-6CCEF7E996C8}.Release|Any CPU.ActiveCfg = Release|Any CPU
		{66B12BCB-AABA-4960-A8BB-6CCEF7E996C8}.Release|Any CPU.Build.0 = Release|Any CPU
		{EB88532C-7D9F-449A-8C18-8E674E57C906}.Debug|Any CPU.ActiveCfg = Debug|Any CPU
		{EB88532C-7D9F-449A-8C18-8E674E57C906}.Debug|Any CPU.Build.0 = Debug|Any CPU
		{EB88532C-7D9F-449A-8C18-8E674E57C906}.Release|Any CPU.ActiveCfg = Release|Any CPU
		{EB88532C-7D9F-449A-8C18-8E674E57C906}.Release|Any CPU.Build.0 = Release|Any CPU
	EndGlobalSection
	GlobalSection(SolutionProperties) = preSolution
		HideSolutionNode = FALSE
	EndGlobalSection
	GlobalSection(ExtensibilityGlobals) = postSolution
		SolutionGuid = {491810CC-A41D-4313-8317-A35854E9A298}
	EndGlobalSection
EndGlobal
